// !$*UTF8*$!
{
	archiveVersion = 1;
	classes = {
	};
	objectVersion = 46;
	objects = {

/* Begin PBXBuildFile section */
		32AFFBEB1C5FBAB200274838 /* AppDelegate.swift in Sources */ = {isa = PBXBuildFile; fileRef = 32AFFBEA1C5FBAB200274838 /* AppDelegate.swift */; };
		32AFFBED1C5FBAB200274838 /* ViewController.swift in Sources */ = {isa = PBXBuildFile; fileRef = 32AFFBEC1C5FBAB200274838 /* ViewController.swift */; };
		32AFFBF01C5FBAB200274838 /* Main.storyboard in Resources */ = {isa = PBXBuildFile; fileRef = 32AFFBEE1C5FBAB200274838 /* Main.storyboard */; };
		32AFFBF21C5FBAB200274838 /* Assets.xcassets in Resources */ = {isa = PBXBuildFile; fileRef = 32AFFBF11C5FBAB200274838 /* Assets.xcassets */; };
		32AFFBF51C5FBAB200274838 /* LaunchScreen.storyboard in Resources */ = {isa = PBXBuildFile; fileRef = 32AFFBF31C5FBAB200274838 /* LaunchScreen.storyboard */; };
		32AFFC001C5FBAB200274838 /* BlurTestTests.swift in Sources */ = {isa = PBXBuildFile; fileRef = 32AFFBFF1C5FBAB200274838 /* BlurTestTests.swift */; };
		32AFFC0B1C5FBAB200274838 /* BlurTestUITests.swift in Sources */ = {isa = PBXBuildFile; fileRef = 32AFFC0A1C5FBAB200274838 /* BlurTestUITests.swift */; };
		32AFFC1B1C5FBFE700274838 /* bkgroung.jpg in Resources */ = {isa = PBXBuildFile; fileRef = 32AFFC1A1C5FBFE700274838 /* bkgroung.jpg */; };
/* End PBXBuildFile section */

/* Begin PBXContainerItemProxy section */
		32AFFBFC1C5FBAB200274838 /* PBXContainerItemProxy */ = {
			isa = PBXContainerItemProxy;
			containerPortal = 32AFFBDF1C5FBAB200274838 /* Project object */;
			proxyType = 1;
			remoteGlobalIDString = 32AFFBE61C5FBAB200274838;
			remoteInfo = BlurTest;
		};
		32AFFC071C5FBAB200274838 /* PBXContainerItemProxy */ = {
			isa = PBXContainerItemProxy;
			containerPortal = 32AFFBDF1C5FBAB200274838 /* Project object */;
			proxyType = 1;
			remoteGlobalIDString = 32AFFBE61C5FBAB200274838;
			remoteInfo = BlurTest;
		};
/* End PBXContainerItemProxy section */

/* Begin PBXFileReference section */
		32AFFBE71C5FBAB200274838 /* BlurTest.app */ = {isa = PBXFileReference; explicitFileType = wrapper.application; includeInIndex = 0; path = BlurTest.app; sourceTree = BUILT_PRODUCTS_DIR; };
		32AFFBEA1C5FBAB200274838 /* AppDelegate.swift */ = {isa = PBXFileReference; lastKnownFileType = sourcecode.swift; path = AppDelegate.swift; sourceTree = "<group>"; };
		32AFFBEC1C5FBAB200274838 /* ViewController.swift */ = {isa = PBXFileReference; lastKnownFileType = sourcecode.swift; path = ViewController.swift; sourceTree = "<group>"; };
		32AFFBEF1C5FBAB200274838 /* Base */ = {isa = PBXFileReference; lastKnownFileType = file.storyboard; name = Base; path = Base.lproj/Main.storyboard; sourceTree = "<group>"; };
		32AFFBF11C5FBAB200274838 /* Assets.xcassets */ = {isa = PBXFileReference; lastKnownFileType = folder.assetcatalog; path = Assets.xcassets; sourceTree = "<group>"; };
		32AFFBF41C5FBAB200274838 /* Base */ = {isa = PBXFileReference; lastKnownFileType = file.storyboard; name = Base; path = Base.lproj/LaunchScreen.storyboard; sourceTree = "<group>"; };
		32AFFBF61C5FBAB200274838 /* Info.plist */ = {isa = PBXFileReference; lastKnownFileType = text.plist.xml; path = Info.plist; sourceTree = "<group>"; };
		32AFFBFB1C5FBAB200274838 /* BlurTestTests.xctest */ = {isa = PBXFileReference; explicitFileType = wrapper.cfbundle; includeInIndex = 0; path = BlurTestTests.xctest; sourceTree = BUILT_PRODUCTS_DIR; };
		32AFFBFF1C5FBAB200274838 /* BlurTestTests.swift */ = {isa = PBXFileReference; lastKnownFileType = sourcecode.swift; path = BlurTestTests.swift; sourceTree = "<group>"; };
		32AFFC011C5FBAB200274838 /* Info.plist */ = {isa = PBXFileReference; lastKnownFileType = text.plist.xml; path = Info.plist; sourceTree = "<group>"; };
		32AFFC061C5FBAB200274838 /* BlurTestUITests.xctest */ = {isa = PBXFileReference; explicitFileType = wrapper.cfbundle; includeInIndex = 0; path = BlurTestUITests.xctest; sourceTree = BUILT_PRODUCTS_DIR; };
		32AFFC0A1C5FBAB200274838 /* BlurTestUITests.swift */ = {isa = PBXFileReference; lastKnownFileType = sourcecode.swift; path = BlurTestUITests.swift; sourceTree = "<group>"; };
		32AFFC0C1C5FBAB200274838 /* Info.plist */ = {isa = PBXFileReference; lastKnownFileType = text.plist.xml; path = Info.plist; sourceTree = "<group>"; };
		32AFFC1A1C5FBFE700274838 /* bkgroung.jpg */ = {isa = PBXFileReference; lastKnownFileType = image.jpeg; path = bkgroung.jpg; sourceTree = "<group>"; };
/* End PBXFileReference section */

/* Begin PBXFrameworksBuildPhase section */
		32AFFBE41C5FBAB200274838 /* Frameworks */ = {
			isa = PBXFrameworksBuildPhase;
			buildActionMask = 2147483647;
			files = (
			);
			runOnlyForDeploymentPostprocessing = 0;
		};
		32AFFBF81C5FBAB200274838 /* Frameworks */ = {
			isa = PBXFrameworksBuildPhase;
			buildActionMask = 2147483647;
			files = (
			);
			runOnlyForDeploymentPostprocessing = 0;
		};
		32AFFC031C5FBAB200274838 /* Frameworks */ = {
			isa = PBXFrameworksBuildPhase;
			buildActionMask = 2147483647;
			files = (
			);
			runOnlyForDeploymentPostprocessing = 0;
		};
/* End PBXFrameworksBuildPhase section */

/* Begin PBXGroup section */
		32AFFBDE1C5FBAB200274838 = {
			isa = PBXGroup;
			children = (
				32AFFBE91C5FBAB200274838 /* BlurTest */,
				32AFFBFE1C5FBAB200274838 /* BlurTestTests */,
				32AFFC091C5FBAB200274838 /* BlurTestUITests */,
				32AFFBE81C5FBAB200274838 /* Products */,
			);
			sourceTree = "<group>";
		};
		32AFFBE81C5FBAB200274838 /* Products */ = {
			isa = PBXGroup;
			children = (
				32AFFBE71C5FBAB200274838 /* BlurTest.app */,
				32AFFBFB1C5FBAB200274838 /* BlurTestTests.xctest */,
				32AFFC061C5FBAB200274838 /* BlurTestUITests.xctest */,
			);
			name = Products;
			sourceTree = "<group>";
		};
		32AFFBE91C5FBAB200274838 /* BlurTest */ = {
			isa = PBXGroup;
			children = (
				32AFFC1A1C5FBFE700274838 /* bkgroung.jpg */,
				32AFFBEA1C5FBAB200274838 /* AppDelegate.swift */,
				32AFFBEC1C5FBAB200274838 /* ViewController.swift */,
				32AFFBEE1C5FBAB200274838 /* Main.storyboard */,
				32AFFBF11C5FBAB200274838 /* Assets.xcassets */,
				32AFFBF31C5FBAB200274838 /* LaunchScreen.storyboard */,
				32AFFBF61C5FBAB200274838 /* Info.plist */,
			);
			path = BlurTest;
			sourceTree = "<group>";
		};
		32AFFBFE1C5FBAB200274838 /* BlurTestTests */ = {
			isa = PBXGroup;
			children = (
				32AFFBFF1C5FBAB200274838 /* BlurTestTests.swift */,
				32AFFC011C5FBAB200274838 /* Info.plist */,
			);
			path = BlurTestTests;
			sourceTree = "<group>";
		};
		32AFFC091C5FBAB200274838 /* BlurTestUITests */ = {
			isa = PBXGroup;
			children = (
				32AFFC0A1C5FBAB200274838 /* BlurTestUITests.swift */,
				32AFFC0C1C5FBAB200274838 /* Info.plist */,
			);
			path = BlurTestUITests;
			sourceTree = "<group>";
		};
/* End PBXGroup section */

/* Begin PBXNativeTarget section */
		32AFFBE61C5FBAB200274838 /* BlurTest */ = {
			isa = PBXNativeTarget;
			buildConfigurationList = 32AFFC0F1C5FBAB200274838 /* Build configuration list for PBXNativeTarget "BlurTest" */;
			buildPhases = (
				32AFFBE31C5FBAB200274838 /* Sources */,
				32AFFBE41C5FBAB200274838 /* Frameworks */,
				32AFFBE51C5FBAB200274838 /* Resources */,
			);
			buildRules = (
			);
			dependencies = (
			);
			name = BlurTest;
			productName = BlurTest;
			productReference = 32AFFBE71C5FBAB200274838 /* BlurTest.app */;
			productType = "com.apple.product-type.application";
		};
		32AFFBFA1C5FBAB200274838 /* BlurTestTests */ = {
			isa = PBXNativeTarget;
			buildConfigurationList = 32AFFC121C5FBAB200274838 /* Build configuration list for PBXNativeTarget "BlurTestTests" */;
			buildPhases = (
				32AFFBF71C5FBAB200274838 /* Sources */,
				32AFFBF81C5FBAB200274838 /* Frameworks */,
				32AFFBF91C5FBAB200274838 /* Resources */,
			);
			buildRules = (
			);
			dependencies = (
				32AFFBFD1C5FBAB200274838 /* PBXTargetDependency */,
			);
			name = BlurTestTests;
			productName = BlurTestTests;
			productReference = 32AFFBFB1C5FBAB200274838 /* BlurTestTests.xctest */;
			productType = "com.apple.product-type.bundle.unit-test";
		};
		32AFFC051C5FBAB200274838 /* BlurTestUITests */ = {
			isa = PBXNativeTarget;
			buildConfigurationList = 32AFFC151C5FBAB200274838 /* Build configuration list for PBXNativeTarget "BlurTestUITests" */;
			buildPhases = (
				32AFFC021C5FBAB200274838 /* Sources */,
				32AFFC031C5FBAB200274838 /* Frameworks */,
				32AFFC041C5FBAB200274838 /* Resources */,
			);
			buildRules = (
			);
			dependencies = (
				32AFFC081C5FBAB200274838 /* PBXTargetDependency */,
			);
			name = BlurTestUITests;
			productName = BlurTestUITests;
			productReference = 32AFFC061C5FBAB200274838 /* BlurTestUITests.xctest */;
			productType = "com.apple.product-type.bundle.ui-testing";
		};
/* End PBXNativeTarget section */

/* Begin PBXProject section */
		32AFFBDF1C5FBAB200274838 /* Project object */ = {
			isa = PBXProject;
			attributes = {
				LastSwiftUpdateCheck = 0720;
				LastUpgradeCheck = 0720;
				ORGANIZATIONNAME = "Tulio Bazan";
				TargetAttributes = {
					32AFFBE61C5FBAB200274838 = {
						CreatedOnToolsVersion = 7.2;
					};
					32AFFBFA1C5FBAB200274838 = {
						CreatedOnToolsVersion = 7.2;
						TestTargetID = 32AFFBE61C5FBAB200274838;
					};
					32AFFC051C5FBAB200274838 = {
						CreatedOnToolsVersion = 7.2;
						TestTargetID = 32AFFBE61C5FBAB200274838;
					};
				};
			};
			buildConfigurationList = 32AFFBE21C5FBAB200274838 /* Build configuration list for PBXProject "BlurTest" */;
			compatibilityVersion = "Xcode 3.2";
			developmentRegion = English;
			hasScannedForEncodings = 0;
			knownRegions = (
				en,
				Base,
			);
			mainGroup = 32AFFBDE1C5FBAB200274838;
			productRefGroup = 32AFFBE81C5FBAB200274838 /* Products */;
			projectDirPath = "";
			projectRoot = "";
			targets = (
				32AFFBE61C5FBAB200274838 /* BlurTest */,
				32AFFBFA1C5FBAB200274838 /* BlurTestTests */,
				32AFFC051C5FBAB200274838 /* BlurTestUITests */,
			);
		};
/* End PBXProject section */

/* Begin PBXResourcesBuildPhase section */
		32AFFBE51C5FBAB200274838 /* Resources */ = {
			isa = PBXResourcesBuildPhase;
			buildActionMask = 2147483647;
			files = (
				32AFFBF51C5FBAB200274838 /* LaunchScreen.storyboard in Resources */,
				32AFFBF21C5FBAB200274838 /* Assets.xcassets in Resources */,
				32AFFC1B1C5FBFE700274838 /* bkgroung.jpg in Resources */,
				32AFFBF01C5FBAB200274838 /* Main.storyboard in Resources */,
			);
			runOnlyForDeploymentPostprocessing = 0;
		};
		32AFFBF91C5FBAB200274838 /* Resources */ = {
			isa = PBXResourcesBuildPhase;
			buildActionMask = 2147483647;
			files = (
			);
			runOnlyForDeploymentPostprocessing = 0;
		};
		32AFFC041C5FBAB200274838 /* Resources */ = {
			isa = PBXResourcesBuildPhase;
			buildActionMask = 2147483647;
			files = (
			);
			runOnlyForDeploymentPostprocessing = 0;
		};
/* End PBXResourcesBuildPhase section */

/* Begin PBXSourcesBuildPhase section */
		32AFFBE31C5FBAB200274838 /* Sources */ = {
			isa = PBXSourcesBuildPhase;
			buildActionMask = 2147483647;
			files = (
				32AFFBED1C5FBAB200274838 /* ViewController.swift in Sources */,
				32AFFBEB1C5FBAB200274838 /* AppDelegate.swift in Sources */,
			);
			runOnlyForDeploymentPostprocessing = 0;
		};
		32AFFBF71C5FBAB200274838 /* Sources */ = {
			isa = PBXSourcesBuildPhase;
			buildActionMask = 2147483647;
			files = (
				32AFFC001C5FBAB200274838 /* BlurTestTests.swift in Sources */,
			);
			runOnlyForDeploymentPostprocessing = 0;
		};
		32AFFC021C5FBAB200274838 /* Sources */ = {
			isa = PBXSourcesBuildPhase;
			buildActionMask = 2147483647;
			files = (
				32AFFC0B1C5FBAB200274838 /* BlurTestUITests.swift in Sources */,
			);
			runOnlyForDeploymentPostprocessing = 0;
		};
/* End PBXSourcesBuildPhase section */

/* Begin PBXTargetDependency section */
		32AFFBFD1C5FBAB200274838 /* PBXTargetDependency */ = {
			isa = PBXTargetDependency;
			target = 32AFFBE61C5FBAB200274838 /* BlurTest */;
			targetProxy = 32AFFBFC1C5FBAB200274838 /* PBXContainerItemProxy */;
		};
		32AFFC081C5FBAB200274838 /* PBXTargetDependency */ = {
			isa = PBXTargetDependency;
			target = 32AFFBE61C5FBAB200274838 /* BlurTest */;
			targetProxy = 32AFFC071C5FBAB200274838 /* PBXContainerItemProxy */;
		};
/* End PBXTargetDependency section */

/* Begin PBXVariantGroup section */
		32AFFBEE1C5FBAB200274838 /* Main.storyboard */ = {
			isa = PBXVariantGroup;
			children = (
				32AFFBEF1C5FBAB200274838 /* Base */,
			);
			name = Main.storyboard;
			sourceTree = "<group>";
		};
		32AFFBF31C5FBAB200274838 /* LaunchScreen.storyboard */ = {
			isa = PBXVariantGroup;
			children = (
				32AFFBF41C5FBAB200274838 /* Base */,
			);
			name = LaunchScreen.storyboard;
			sourceTree = "<group>";
		};
/* End PBXVariantGroup section */

/* Begin XCBuildConfiguration section */
		32AFFC0D1C5FBAB200274838 /* Debug */ = {
			isa = XCBuildConfiguration;
			buildSettings = {
				ALWAYS_SEARCH_USER_PATHS = NO;
				CLANG_CXX_LANGUAGE_STANDARD = "gnu++0x";
				CLANG_CXX_LIBRARY = "libc++";
				CLANG_ENABLE_MODULES = YES;
				CLANG_ENABLE_OBJC_ARC = YES;
				CLANG_WARN_BOOL_CONVERSION = YES;
				CLANG_WARN_CONSTANT_CONVERSION = YES;
				CLANG_WARN_DIRECT_OBJC_ISA_USAGE = YES_ERROR;
				CLANG_WARN_EMPTY_BODY = YES;
				CLANG_WARN_ENUM_CONVERSION = YES;
				CLANG_WARN_INT_CONVERSION = YES;
				CLANG_WARN_OBJC_ROOT_CLASS = YES_ERROR;
				CLANG_WARN_UNREACHABLE_CODE = YES;
				CLANG_WARN__DUPLICATE_METHOD_MATCH = YES;
				"CODE_SIGN_IDENTITY[sdk=iphoneos*]" = "iPhone Developer";
				COPY_PHASE_STRIP = NO;
				DEBUG_INFORMATION_FORMAT = dwarf;
				ENABLE_STRICT_OBJC_MSGSEND = YES;
				ENABLE_TESTABILITY = YES;
				GCC_C_LANGUAGE_STANDARD = gnu99;
				GCC_DYNAMIC_NO_PIC = NO;
				GCC_NO_COMMON_BLOCKS = YES;
				GCC_OPTIMIZATION_LEVEL = 0;
				GCC_PREPROCESSOR_DEFINITIONS = (
					"DEBUG=1",
					"$(inherited)",
				);
				GCC_WARN_64_TO_32_BIT_CONVERSION = YES;
				GCC_WARN_ABOUT_RETURN_TYPE = YES_ERROR;
				GCC_WARN_UNDECLARED_SELECTOR = YES;
				GCC_WARN_UNINITIALIZED_AUTOS = YES_AGGRESSIVE;
				GCC_WARN_UNUSED_FUNCTION = YES;
				GCC_WARN_UNUSED_VARIABLE = YES;
				IPHONEOS_DEPLOYMENT_TARGET = 9.2;
				MTL_ENABLE_DEBUG_INFO = YES;
				ONLY_ACTIVE_ARCH = YES;
				SDKROOT = iphoneos;
				SWIFT_OPTIMIZATION_LEVEL = "-Onone";
				TARGETED_DEVICE_FAMILY = "1,2";
			};
			name = Debug;
		};
		32AFFC0E1C5FBAB200274838 /* Release */ = {
			isa = XCBuildConfiguration;
			buildSettings = {
				ALWAYS_SEARCH_USER_PATHS = NO;
				CLANG_CXX_LANGUAGE_STANDARD = "gnu++0x";
				CLANG_CXX_LIBRARY = "libc++";
				CLANG_ENABLE_MODULES = YES;
				CLANG_ENABLE_OBJC_ARC = YES;
				CLANG_WARN_BOOL_CONVERSION = YES;
				CLANG_WARN_CONSTANT_CONVERSION = YES;
				CLANG_WARN_DIRECT_OBJC_ISA_USAGE = YES_ERROR;
				CLANG_WARN_EMPTY_BODY = YES;
				CLANG_WARN_ENUM_CONVERSION = YES;
				CLANG_WARN_INT_CONVERSION = YES;
				CLANG_WARN_OBJC_ROOT_CLASS = YES_ERROR;
				CLANG_WARN_UNREACHABLE_CODE = YES;
				CLANG_WARN__DUPLICATE_METHOD_MATCH = YES;
				"CODE_SIGN_IDENTITY[sdk=iphoneos*]" = "iPhone Developer";
				COPY_PHASE_STRIP = NO;
				DEBUG_INFORMATION_FORMAT = "dwarf-with-dsym";
				ENABLE_NS_ASSERTIONS = NO;
				ENABLE_STRICT_OBJC_MSGSEND = YES;
				GCC_C_LANGUAGE_STANDARD = gnu99;
				GCC_NO_COMMON_BLOCKS = YES;
				GCC_WARN_64_TO_32_BIT_CONVERSION = YES;
				GCC_WARN_ABOUT_RETURN_TYPE = YES_ERROR;
				GCC_WARN_UNDECLARED_SELECTOR = YES;
				GCC_WARN_UNINITIALIZED_AUTOS = YES_AGGRESSIVE;
				GCC_WARN_UNUSED_FUNCTION = YES;
				GCC_WARN_UNUSED_VARIABLE = YES;
				IPHONEOS_DEPLOYMENT_TARGET = 9.2;
				MTL_ENABLE_DEBUG_INFO = NO;
				SDKROOT = iphoneos;
				TARGETED_DEVICE_FAMILY = "1,2";
				VALIDATE_PRODUCT = YES;
			};
			name = Release;
		};
		32AFFC101C5FBAB200274838 /* Debug */ = {
			isa = XCBuildConfiguration;
			buildSettings = {
				ASSETCATALOG_COMPILER_APPICON_NAME = AppIcon;
				INFOPLIST_FILE = BlurTest/Info.plist;
				LD_RUNPATH_SEARCH_PATHS = "$(inherited) @executable_path/Frameworks";
				PRODUCT_BUNDLE_IDENTIFIER = com.TucoBZ.BlurTest;
				PRODUCT_NAME = "$(TARGET_NAME)";
			};
			name = Debug;
		};
		32AFFC111C5FBAB200274838 /* Release */ = {
			isa = XCBuildConfiguration;
			buildSettings = {
				ASSETCATALOG_COMPILER_APPICON_NAME = AppIcon;
				INFOPLIST_FILE = BlurTest/Info.plist;
				LD_RUNPATH_SEARCH_PATHS = "$(inherited) @executable_path/Frameworks";
				PRODUCT_BUNDLE_IDENTIFIER = com.TucoBZ.BlurTest;
				PRODUCT_NAME = "$(TARGET_NAME)";
			};
			name = Release;
		};
		32AFFC131C5FBAB200274838 /* Debug */ = {
			isa = XCBuildConfiguration;
			buildSettings = {
				BUNDLE_LOADER = "$(TEST_HOST)";
				INFOPLIST_FILE = BlurTestTests/Info.plist;
				LD_RUNPATH_SEARCH_PATHS = "$(inherited) @executable_path/Frameworks @loader_path/Frameworks";
				PRODUCT_BUNDLE_IDENTIFIER = com.TucoBZ.BlurTestTests;
				PRODUCT_NAME = "$(TARGET_NAME)";
				TEST_HOST = "$(BUILT_PRODUCTS_DIR)/BlurTest.app/BlurTest";
			};
			name = Debug;
		};
		32AFFC141C5FBAB200274838 /* Release */ = {
			isa = XCBuildConfiguration;
			buildSettings = {
				BUNDLE_LOADER = "$(TEST_HOST)";
				INFOPLIST_FILE = BlurTestTests/Info.plist;
				LD_RUNPATH_SEARCH_PATHS = "$(inherited) @executable_path/Frameworks @loader_path/Frameworks";
				PRODUCT_BUNDLE_IDENTIFIER = com.TucoBZ.BlurTestTests;
				PRODUCT_NAME = "$(TARGET_NAME)";
				TEST_HOST = "$(BUILT_PRODUCTS_DIR)/BlurTest.app/BlurTest";
			};
			name = Release;
		};
		32AFFC161C5FBAB200274838 /* Debug */ = {
			isa = XCBuildConfiguration;
			buildSettings = {
				INFOPLIST_FILE = BlurTestUITests/Info.plist;
				LD_RUNPATH_SEARCH_PATHS = "$(inherited) @executable_path/Frameworks @loader_path/Frameworks";
				PRODUCT_BUNDLE_IDENTIFIER = com.TucoBZ.BlurTestUITests;
				PRODUCT_NAME = "$(TARGET_NAME)";
				TEST_TARGET_NAME = BlurTest;
				USES_XCTRUNNER = YES;
			};
			name = Debug;
		};
		32AFFC171C5FBAB200274838 /* Release */ = {
			isa = XCBuildConfiguration;
			buildSettings = {
				INFOPLIST_FILE = BlurTestUITests/Info.plist;
				LD_RUNPATH_SEARCH_PATHS = "$(inherited) @executable_path/Frameworks @loader_path/Frameworks";
				PRODUCT_BUNDLE_IDENTIFIER = com.TucoBZ.BlurTestUITests;
				PRODUCT_NAME = "$(TARGET_NAME)";
				TEST_TARGET_NAME = BlurTest;
				USES_XCTRUNNER = YES;
			};
			name = Release;
		};
/* End XCBuildConfiguration section */

/* Begin XCConfigurationList section */
		32AFFBE21C5FBAB200274838 /* Build configuration list for PBXProject "BlurTest" */ = {
			isa = XCConfigurationList;
			buildConfigurations = (
				32AFFC0D1C5FBAB200274838 /* Debug */,
				32AFFC0E1C5FBAB200274838 /* Release */,
			);
			defaultConfigurationIsVisible = 0;
			defaultConfigurationName = Release;
		};
		32AFFC0F1C5FBAB200274838 /* Build configuration list for PBXNativeTarget "BlurTest" */ = {
			isa = XCConfigurationList;
			buildConfigurations = (
				32AFFC101C5FBAB200274838 /* Debug */,
				32AFFC111C5FBAB200274838 /* Release */,
			);
			defaultConfigurationIsVisible = 0;
		};
		32AFFC121C5FBAB200274838 /* Build configuration list for PBXNativeTarget "BlurTestTests" */ = {
			isa = XCConfigurationList;
			buildConfigurations = (
				32AFFC131C5FBAB200274838 /* Debug */,
				32AFFC141C5FBAB200274838 /* Release */,
			);
			defaultConfigurationIsVisible = 0;
		};
		32AFFC151C5FBAB200274838 /* Build configuration list for PBXNativeTarget "BlurTestUITests" */ = {
			isa = XCConfigurationList;
			buildConfigurations = (
				32AFFC161C5FBAB200274838 /* Debug */,
				32AFFC171C5FBAB200274838 /* Release */,
			);
			defaultConfigurationIsVisible = 0;
		};
/* End XCConfigurationList section */
	};
	rootObject = 32AFFBDF1C5FBAB200274838 /* Project object */;
}
